
Microsoft Visual Studio Solution File, Format Version 12.00
# Visual Studio 15
VisualStudioVersion = 15.0.28307.136
MinimumVisualStudioVersion = 10.0.40219.1
Project("{FAE04EC0-301F-11D3-BF4B-00C04F79EFBC}") = "Egoal.Report.Web", "Egoal.Report.Web\Egoal.Report.Web.csproj", "{4534CEFD-EF15-41DE-86D6-F1D3B83208C0}"
EndProject
Project("{FAE04EC0-301F-11D3-BF4B-00C04F79EFBC}") = "Egoal.Report.Application", "Egoal.Report.Application\Egoal.Report.Application.csproj", "{2357F2CA-9B1A-4418-98D2-C89E84882FEE}"
EndProject
Project("{FAE04EC0-301F-11D3-BF4B-00C04F79EFBC}") = "Egoal.Report.ActiveReports", "Egoal.Report.ActiveReports\Egoal.Report.ActiveReports.csproj", "{5717BBFA-B667-457C-9F05-330955459714}"
EndProject
Global
	GlobalSection(SolutionConfigurationPlatforms) = preSolution
		Debug|Any CPU = Debug|Any CPU
		Release|Any CPU = Release|Any CPU
	EndGlobalSection
	GlobalSection(ProjectConfigurationPlatforms) = postSolution
		{4534CEFD-EF15-41DE-86D6-F1D3B83208C0}.Debug|Any CPU.ActiveCfg = Debug|Any CPU
		{4534CEFD-EF15-41DE-86D6-F1D3B83208C0}.Debug|Any CPU.Build.0 = Debug|Any CPU
		{4534CEFD-EF15-41DE-86D6-F1D3B83208C0}.Release|Any CPU.ActiveCfg = Release|Any CPU
		{4534CEFD-EF15-41DE-86D6-F1D3B83208C0}.Release|Any CPU.Build.0 = Release|Any CPU
		{2357F2CA-9B1A-4418-98D2-C89E84882FEE}.Debug|Any CPU.ActiveCfg = Debug|Any CPU
		{2357F2CA-9B1A-4418-98D2-C89E84882FEE}.Debug|Any CPU.Build.0 = Debug|Any CPU
		{2357F2CA-9B1A-4418-98D2-C89E84882FEE}.Release|Any CPU.ActiveCfg = Release|Any CPU
		{2357F2CA-9B1A-4418-98D2-C89E84882FEE}.Release|Any CPU.Build.0 = Release|Any CPU
		{5717BBFA-B667-457C-9F05-330955459714}.Debug|Any CPU.ActiveCfg = Debug|Any CPU
		{5717BBFA-B667-457C-9F05-330955459714}.Debug|Any CPU.Build.0 = Debug|Any CPU
		{5717BBFA-B667-457C-9F05-330955459714}.Release|Any CPU.ActiveCfg = Release|Any CPU
		{5717BBFA-B667-457C-9F05-330955459714}.Release|Any CPU.Build.0 = Release|Any CPU
	EndGlobalSection
	GlobalSection(SolutionProperties) = preSolution
		HideSolutionNode = FALSE
	EndGlobalSection
	GlobalSection(ExtensibilityGlobals) = postSolution
		SolutionGuid = {A56B09AF-8307-497D-9640-D3A2D8FF06A0}
	EndGlobalSection
EndGlobal
